
Microsoft Visual Studio Solution File, Format Version 12.00
# Visual Studio Version 17
VisualStudioVersion = 17.3.32825.248
MinimumVisualStudioVersion = 10.0.40219.1
Project("{FAE04EC0-301F-11D3-BF4B-00C04F79EFBC}") = "EfCoreDockerCompose", "EfCoreDockerCompose.csproj", "{D25FDAF6-E2CF-4F31-9628-D6CD29F2DBF6}"
EndProject
Project("{E53339B2-1760-4266-BCC7-CA923CBCF16C}") = "docker-compose", "docker-compose.dcproj", "{61513A05-F695-4202-A990-9516479DC93F}"
EndProject
Global
	GlobalSection(SolutionConfigurationPlatforms) = preSolution
		Debug|Any CPU = Debug|Any CPU
		Release|Any CPU = Release|Any CPU
	EndGlobalSection
	GlobalSection(ProjectConfigurationPlatforms) = postSolution
		{D25FDAF6-E2CF-4F31-9628-D6CD29F2DBF6}.Debug|Any CPU.ActiveCfg = Debug|Any CPU
		{D25FDAF6-E2CF-4F31-9628-D6CD29F2DBF6}.Debug|Any CPU.Build.0 = Debug|Any CPU
		{D25FDAF6-E2CF-4F31-9628-D6CD29F2DBF6}.Release|Any CPU.ActiveCfg = Release|Any CPU
		{D25FDAF6-E2CF-4F31-9628-D6CD29F2DBF6}.Release|Any CPU.Build.0 = Release|Any CPU
		{61513A05-F695-4202-A990-9516479DC93F}.Debug|Any CPU.ActiveCfg = Debug|Any CPU
		{61513A05-F695-4202-A990-9516479DC93F}.Debug|Any CPU.Build.0 = Debug|Any CPU
		{61513A05-F695-4202-A990-9516479DC93F}.Release|Any CPU.ActiveCfg = Release|Any CPU
		{61513A05-F695-4202-A990-9516479DC93F}.Release|Any CPU.Build.0 = Release|Any CPU
	EndGlobalSection
	GlobalSection(SolutionProperties) = preSolution
		HideSolutionNode = FALSE
	EndGlobalSection
	GlobalSection(ExtensibilityGlobals) = postSolution
		SolutionGuid = {177B0F63-2E58-4C9D-B2A3-515212512853}
	EndGlobalSection
EndGlobal
